
Microsoft Visual Studio Solution File, Format Version 12.00
# Visual Studio Version 16
VisualStudioVersion = 16.0.33423.256
MinimumVisualStudioVersion = 10.0.40219.1
Project("{FAE04EC0-301F-11D3-BF4B-00C04F79EFBC}") = "Inheritance", "Inheritance\Inheritance.csproj", "{4AE263F6-5B67-4D60-B244-4C6C59390E9A}"
EndProject
Global
	GlobalSection(SolutionConfigurationPlatforms) = preSolution
		Debug|Any CPU = Debug|Any CPU
		Release|Any CPU = Release|Any CPU
	EndGlobalSection
	GlobalSection(ProjectConfigurationPlatforms) = postSolution
		{4AE263F6-5B67-4D60-B244-4C6C59390E9A}.Debug|Any CPU.ActiveCfg = Debug|Any CPU
		{4AE263F6-5B67-4D60-B244-4C6C59390E9A}.Debug|Any CPU.Build.0 = Debug|Any CPU
		{4AE263F6-5B67-4D60-B244-4C6C59390E9A}.Release|Any CPU.ActiveCfg = Release|Any CPU
		{4AE263F6-5B67-4D60-B244-4C6C59390E9A}.Release|Any CPU.Build.0 = Release|Any CPU
	EndGlobalSection
	GlobalSection(SolutionProperties) = preSolution
		HideSolutionNode = FALSE
	EndGlobalSection
	GlobalSection(ExtensibilityGlobals) = postSolution
		SolutionGuid = {FB4D6839-38BD-4289-A3DD-B6BD0E03AF31}
	EndGlobalSection
EndGlobal
